// !$*UTF8*$!
{
	archiveVersion = 1;
	classes = {
	};
	objectVersion = 56;
	objects = {

/* Begin PBXBuildFile section */
		19DB01FA2C17ADD100001518 /* AppDelegate.swift in Sources */ = {isa = PBXBuildFile; fileRef = 19DB01F92C17ADD100001518 /* AppDelegate.swift */; };
		19DB01FC2C17ADD100001518 /* SceneDelegate.swift in Sources */ = {isa = PBXBuildFile; fileRef = 19DB01FB2C17ADD100001518 /* SceneDelegate.swift */; };
		19DB01FE2C17ADD100001518 /* ViewController.swift in Sources */ = {isa = PBXBuildFile; fileRef = 19DB01FD2C17ADD100001518 /* ViewController.swift */; };
		19DB02012C17ADD100001518 /* Main.storyboard in Resources */ = {isa = PBXBuildFile; fileRef = 19DB01FF2C17ADD100001518 /* Main.storyboard */; };
		19DB02032C17ADD300001518 /* Assets.xcassets in Resources */ = {isa = PBXBuildFile; fileRef = 19DB02022C17ADD300001518 /* Assets.xcassets */; };
		19DB02062C17ADD300001518 /* LaunchScreen.storyboard in Resources */ = {isa = PBXBuildFile; fileRef = 19DB02042C17ADD300001518 /* LaunchScreen.storyboard */; };
		19DB020E2C17AFB900001518 /* DeviceListViewController.swift in Sources */ = {isa = PBXBuildFile; fileRef = 19DB020D2C17AFB900001518 /* DeviceListViewController.swift */; };
		19DB02102C17B01400001518 /* Device.swift in Sources */ = {isa = PBXBuildFile; fileRef = 19DB020F2C17B01400001518 /* Device.swift */; };
		19DB02122C17B04C00001518 /* DeviceListTableViewCell.swift in Sources */ = {isa = PBXBuildFile; fileRef = 19DB02112C17B04C00001518 /* DeviceListTableViewCell.swift */; };
/* End PBXBuildFile section */

/* Begin PBXFileReference section */
		19DB01F62C17ADD100001518 /* Assignment-2.app */ = {isa = PBXFileReference; explicitFileType = wrapper.application; includeInIndex = 0; path = "Assignment-2.app"; sourceTree = BUILT_PRODUCTS_DIR; };
		19DB01F92C17ADD100001518 /* AppDelegate.swift */ = {isa = PBXFileReference; lastKnownFileType = sourcecode.swift; path = AppDelegate.swift; sourceTree = "<group>"; };
		19DB01FB2C17ADD100001518 /* SceneDelegate.swift */ = {isa = PBXFileReference; lastKnownFileType = sourcecode.swift; path = SceneDelegate.swift; sourceTree = "<group>"; };
		19DB01FD2C17ADD100001518 /* ViewController.swift */ = {isa = PBXFileReference; lastKnownFileType = sourcecode.swift; path = ViewController.swift; sourceTree = "<group>"; };
		19DB02002C17ADD100001518 /* Base */ = {isa = PBXFileReference; lastKnownFileType = file.storyboard; name = Base; path = Base.lproj/Main.storyboard; sourceTree = "<group>"; };
		19DB02022C17ADD300001518 /* Assets.xcassets */ = {isa = PBXFileReference; lastKnownFileType = folder.assetcatalog; path = Assets.xcassets; sourceTree = "<group>"; };
		19DB02052C17ADD300001518 /* Base */ = {isa = PBXFileReference; lastKnownFileType = file.storyboard; name = Base; path = Base.lproj/LaunchScreen.storyboard; sourceTree = "<group>"; };
		19DB02072C17ADD300001518 /* Info.plist */ = {isa = PBXFileReference; lastKnownFileType = text.plist.xml; path = Info.plist; sourceTree = "<group>"; };
		19DB020D2C17AFB900001518 /* DeviceListViewController.swift */ = {isa = PBXFileReference; lastKnownFileType = sourcecode.swift; path = DeviceListViewController.swift; sourceTree = "<group>"; };
		19DB020F2C17B01400001518 /* Device.swift */ = {isa = PBXFileReference; lastKnownFileType = sourcecode.swift; path = Device.swift; sourceTree = "<group>"; };
		19DB02112C17B04C00001518 /* DeviceListTableViewCell.swift */ = {isa = PBXFileReference; lastKnownFileType = sourcecode.swift; path = DeviceListTableViewCell.swift; sourceTree = "<group>"; };
/* End PBXFileReference section */

/* Begin PBXFrameworksBuildPhase section */
		19DB01F32C17ADD100001518 /* Frameworks */ = {
			isa = PBXFrameworksBuildPhase;
			buildActionMask = 2147483647;
			files = (
			);
			runOnlyForDeploymentPostprocessing = 0;
		};
/* End PBXFrameworksBuildPhase section */

/* Begin PBXGroup section */
		19DB01ED2C17ADD100001518 = {
			isa = PBXGroup;
			children = (
				19DB01F82C17ADD100001518 /* Assignment-2 */,
				19DB01F72C17ADD100001518 /* Products */,
			);
			sourceTree = "<group>";
		};
		19DB01F72C17ADD100001518 /* Products */ = {
			isa = PBXGroup;
			children = (
				19DB01F62C17ADD100001518 /* Assignment-2.app */,
			);
			name = Products;
			sourceTree = "<group>";
		};
		19DB01F82C17ADD100001518 /* Assignment-2 */ = {
			isa = PBXGroup;
			children = (
				19DB01F92C17ADD100001518 /* AppDelegate.swift */,
				19DB01FB2C17ADD100001518 /* SceneDelegate.swift */,
				19DB01FD2C17ADD100001518 /* ViewController.swift */,
				19DB020F2C17B01400001518 /* Device.swift */,
				19DB020D2C17AFB900001518 /* DeviceListViewController.swift */,
				19DB02112C17B04C00001518 /* DeviceListTableViewCell.swift */,
				19DB01FF2C17ADD100001518 /* Main.storyboard */,
				19DB02022C17ADD300001518 /* Assets.xcassets */,
				19DB02042C17ADD300001518 /* LaunchScreen.storyboard */,
				19DB02072C17ADD300001518 /* Info.plist */,
			);
			path = "Assignment-2";
			sourceTree = "<group>";
		};
/* End PBXGroup section */

/* Begin PBXNativeTarget section */
		19DB01F52C17ADD100001518 /* Assignment-2 */ = {
			isa = PBXNativeTarget;
			buildConfigurationList = 19DB020A2C17ADD300001518 /* Build configuration list for PBXNativeTarget "Assignment-2" */;
			buildPhases = (
				19DB01F22C17ADD100001518 /* Sources */,
				19DB01F32C17ADD100001518 /* Frameworks */,
				19DB01F42C17ADD100001518 /* Resources */,
			);
			buildRules = (
			);
			dependencies = (
			);
			name = "Assignment-2";
			productName = "Assignment-2";
			productReference = 19DB01F62C17ADD100001518 /* Assignment-2.app */;
			productType = "com.apple.product-type.application";
		};
/* End PBXNativeTarget section */

/* Begin PBXProject section */
		19DB01EE2C17ADD100001518 /* Project object */ = {
			isa = PBXProject;
			attributes = {
				BuildIndependentTargetsInParallel = 1;
				LastSwiftUpdateCheck = 1520;
				LastUpgradeCheck = 1520;
				TargetAttributes = {
					19DB01F52C17ADD100001518 = {
						CreatedOnToolsVersion = 15.2;
					};
				};
			};
			buildConfigurationList = 19DB01F12C17ADD100001518 /* Build configuration list for PBXProject "Assignment-2" */;
			compatibilityVersion = "Xcode 14.0";
			developmentRegion = en;
			hasScannedForEncodings = 0;
			knownRegions = (
				en,
				Base,
			);
			mainGroup = 19DB01ED2C17ADD100001518;
			productRefGroup = 19DB01F72C17ADD100001518 /* Products */;
			projectDirPath = "";
			projectRoot = "";
			targets = (
				19DB01F52C17ADD100001518 /* Assignment-2 */,
			);
		};
/* End PBXProject section */

/* Begin PBXResourcesBuildPhase section */
		19DB01F42C17ADD100001518 /* Resources */ = {
			isa = PBXResourcesBuildPhase;
			buildActionMask = 2147483647;
			files = (
				19DB02062C17ADD300001518 /* LaunchScreen.storyboard in Resources */,
				19DB02032C17ADD300001518 /* Assets.xcassets in Resources */,
				19DB02012C17ADD100001518 /* Main.storyboard in Resources */,
			);
			runOnlyForDeploymentPostprocessing = 0;
		};
/* End PBXResourcesBuildPhase section */

/* Begin PBXSourcesBuildPhase section */
		19DB01F22C17ADD100001518 /* Sources */ = {
			isa = PBXSourcesBuildPhase;
			buildActionMask = 2147483647;
			files = (
				19DB020E2C17AFB900001518 /* DeviceListViewController.swift in Sources */,
				19DB01FE2C17ADD100001518 /* ViewController.swift in Sources */,
				19DB01FA2C17ADD100001518 /* AppDelegate.swift in Sources */,
				19DB01FC2C17ADD100001518 /* SceneDelegate.swift in Sources */,
				19DB02102C17B01400001518 /* Device.swift in Sources */,
				19DB02122C17B04C00001518 /* DeviceListTableViewCell.swift in Sources */,
			);
			runOnlyForDeploymentPostprocessing = 0;
		};
/* End PBXSourcesBuildPhase section */

/* Begin PBXVariantGroup section */
		19DB01FF2C17ADD100001518 /* Main.storyboard */ = {
			isa = PBXVariantGroup;
			children = (
				19DB02002C17ADD100001518 /* Base */,
			);
			name = Main.storyboard;
			sourceTree = "<group>";
		};
		19DB02042C17ADD300001518 /* LaunchScreen.storyboard */ = {
			isa = PBXVariantGroup;
			children = (
				19DB02052C17ADD300001518 /* Base */,
			);
			name = LaunchScreen.storyboard;
			sourceTree = "<group>";
		};
/* End PBXVariantGroup section */

/* Begin XCBuildConfiguration section */
		19DB02082C17ADD300001518 /* Debug */ = {
			isa = XCBuildConfiguration;
			buildSettings = {
				ALWAYS_SEARCH_USER_PATHS = NO;
				ASSETCATALOG_COMPILER_GENERATE_SWIFT_ASSET_SYMBOL_EXTENSIONS = YES;
				CLANG_ANALYZER_NONNULL = YES;
				CLANG_ANALYZER_NUMBER_OBJECT_CONVERSION = YES_AGGRESSIVE;
				CLANG_CXX_LANGUAGE_STANDARD = "gnu++20";
				CLANG_ENABLE_MODULES = YES;
				CLANG_ENABLE_OBJC_ARC = YES;
				CLANG_ENABLE_OBJC_WEAK = YES;
				CLANG_WARN_BLOCK_CAPTURE_AUTORELEASING = YES;
				CLANG_WARN_BOOL_CONVERSION = YES;
				CLANG_WARN_COMMA = YES;
				CLANG_WARN_CONSTANT_CONVERSION = YES;
				CLANG_WARN_DEPRECATED_OBJC_IMPLEMENTATIONS = YES;
				CLANG_WARN_DIRECT_OBJC_ISA_USAGE = YES_ERROR;
				CLANG_WARN_DOCUMENTATION_COMMENTS = YES;
				CLANG_WARN_EMPTY_BODY = YES;
				CLANG_WARN_ENUM_CONVERSION = YES;
				CLANG_WARN_INFINITE_RECURSION = YES;
				CLANG_WARN_INT_CONVERSION = YES;
				CLANG_WARN_NON_LITERAL_NULL_CONVERSION = YES;
				CLANG_WARN_OBJC_IMPLICIT_RETAIN_SELF = YES;
				CLANG_WARN_OBJC_LITERAL_CONVERSION = YES;
				CLANG_WARN_OBJC_ROOT_CLASS = YES_ERROR;
				CLANG_WARN_QUOTED_INCLUDE_IN_FRAMEWORK_HEADER = YES;
				CLANG_WARN_RANGE_LOOP_ANALYSIS = YES;
				CLANG_WARN_STRICT_PROTOTYPES = YES;
				CLANG_WARN_SUSPICIOUS_MOVE = YES;
				CLANG_WARN_UNGUARDED_AVAILABILITY = YES_AGGRESSIVE;
				CLANG_WARN_UNREACHABLE_CODE = YES;
				CLANG_WARN__DUPLICATE_METHOD_MATCH = YES;
				COPY_PHASE_STRIP = NO;
				DEBUG_INFORMATION_FORMAT = dwarf;
				ENABLE_STRICT_OBJC_MSGSEND = YES;
				ENABLE_TESTABILITY = YES;
				ENABLE_USER_SCRIPT_SANDBOXING = YES;
				GCC_C_LANGUAGE_STANDARD = gnu17;
				GCC_DYNAMIC_NO_PIC = NO;
				GCC_NO_COMMON_BLOCKS = YES;
				GCC_OPTIMIZATION_LEVEL = 0;
				GCC_PREPROCESSOR_DEFINITIONS = (
					"DEBUG=1",
					"$(inherited)",
				);
				GCC_WARN_64_TO_32_BIT_CONVERSION = YES;
				GCC_WARN_ABOUT_RETURN_TYPE = YES_ERROR;
				GCC_WARN_UNDECLARED_SELECTOR = YES;
				GCC_WARN_UNINITIALIZED_AUTOS = YES_AGGRESSIVE;
				GCC_WARN_UNUSED_FUNCTION = YES;
				GCC_WARN_UNUSED_VARIABLE = YES;
				IPHONEOS_DEPLOYMENT_TARGET = 17.2;
				LOCALIZATION_PREFERS_STRING_CATALOGS = YES;
				MTL_ENABLE_DEBUG_INFO = INCLUDE_SOURCE;
				MTL_FAST_MATH = YES;
				ONLY_ACTIVE_ARCH = YES;
				SDKROOT = iphoneos;
				SWIFT_ACTIVE_COMPILATION_CONDITIONS = "DEBUG $(inherited)";
				SWIFT_OPTIMIZATION_LEVEL = "-Onone";
			};
			name = Debug;
		};
		19DB02092C17ADD300001518 /* Release */ = {
			isa = XCBuildConfiguration;
			buildSettings = {
				ALWAYS_SEARCH_USER_PATHS = NO;
				ASSETCATALOG_COMPILER_GENERATE_SWIFT_ASSET_SYMBOL_EXTENSIONS = YES;
				CLANG_ANALYZER_NONNULL = YES;
				CLANG_ANALYZER_NUMBER_OBJECT_CONVERSION = YES_AGGRESSIVE;
				CLANG_CXX_LANGUAGE_STANDARD = "gnu++20";
				CLANG_ENABLE_MODULES = YES;
				CLANG_ENABLE_OBJC_ARC = YES;
				CLANG_ENABLE_OBJC_WEAK = YES;
				CLANG_WARN_BLOCK_CAPTURE_AUTORELEASING = YES;
				CLANG_WARN_BOOL_CONVERSION = YES;
				CLANG_WARN_COMMA = YES;
				CLANG_WARN_CONSTANT_CONVERSION = YES;
				CLANG_WARN_DEPRECATED_OBJC_IMPLEMENTATIONS = YES;
				CLANG_WARN_DIRECT_OBJC_ISA_USAGE = YES_ERROR;
				CLANG_WARN_DOCUMENTATION_COMMENTS = YES;
				CLANG_WARN_EMPTY_BODY = YES;
				CLANG_WARN_ENUM_CONVERSION = YES;
				CLANG_WARN_INFINITE_RECURSION = YES;
				CLANG_WARN_INT_CONVERSION = YES;
				CLANG_WARN_NON_LITERAL_NULL_CONVERSION = YES;
				CLANG_WARN_OBJC_IMPLICIT_RETAIN_SELF = YES;
				CLANG_WARN_OBJC_LITERAL_CONVERSION = YES;
				CLANG_WARN_OBJC_ROOT_CLASS = YES_ERROR;
				CLANG_WARN_QUOTED_INCLUDE_IN_FRAMEWORK_HEADER = YES;
				CLANG_WARN_RANGE_LOOP_ANALYSIS = YES;
				CLANG_WARN_STRICT_PROTOTYPES = YES;
				CLANG_WARN_SUSPICIOUS_MOVE = YES;
				CLANG_WARN_UNGUARDED_AVAILABILITY = YES_AGGRESSIVE;
				CLANG_WARN_UNREACHABLE_CODE = YES;
				CLANG_WARN__DUPLICATE_METHOD_MATCH = YES;
				COPY_PHASE_STRIP = NO;
				DEBUG_INFORMATION_FORMAT = "dwarf-with-dsym";
				ENABLE_NS_ASSERTIONS = NO;
				ENABLE_STRICT_OBJC_MSGSEND = YES;
				ENABLE_USER_SCRIPT_SANDBOXING = YES;
				GCC_C_LANGUAGE_STANDARD = gnu17;
				GCC_NO_COMMON_BLOCKS = YES;
				GCC_WARN_64_TO_32_BIT_CONVERSION = YES;
				GCC_WARN_ABOUT_RETURN_TYPE = YES_ERROR;
				GCC_WARN_UNDECLARED_SELECTOR = YES;
				GCC_WARN_UNINITIALIZED_AUTOS = YES_AGGRESSIVE;
				GCC_WARN_UNUSED_FUNCTION = YES;
				GCC_WARN_UNUSED_VARIABLE = YES;
				IPHONEOS_DEPLOYMENT_TARGET = 17.2;
				LOCALIZATION_PREFERS_STRING_CATALOGS = YES;
				MTL_ENABLE_DEBUG_INFO = NO;
				MTL_FAST_MATH = YES;
				SDKROOT = iphoneos;
				SWIFT_COMPILATION_MODE = wholemodule;
				VALIDATE_PRODUCT = YES;
			};
			name = Release;
		};
		19DB020B2C17ADD300001518 /* Debug */ = {
			isa = XCBuildConfiguration;
			buildSettings = {
				ASSETCATALOG_COMPILER_APPICON_NAME = AppIcon;
				ASSETCATALOG_COMPILER_GLOBAL_ACCENT_COLOR_NAME = AccentColor;
				CODE_SIGN_STYLE = Automatic;
				CURRENT_PROJECT_VERSION = 1;
				DEVELOPMENT_TEAM = 3XJ32477SK;
				GENERATE_INFOPLIST_FILE = YES;
				INFOPLIST_FILE = "Assignment-2/Info.plist";
				INFOPLIST_KEY_CFBundleDisplayName = "Naitik Assignment 2";
				INFOPLIST_KEY_UIApplicationSupportsIndirectInputEvents = YES;
				INFOPLIST_KEY_UILaunchStoryboardName = LaunchScreen;
				INFOPLIST_KEY_UIMainStoryboardFile = Main;
				INFOPLIST_KEY_UISupportedInterfaceOrientations = UIInterfaceOrientationPortrait;
				INFOPLIST_KEY_UISupportedInterfaceOrientations_iPad = "UIInterfaceOrientationLandscapeLeft UIInterfaceOrientationLandscapeRight UIInterfaceOrientationPortrait UIInterfaceOrientationPortraitUpsideDown";
				LD_RUNPATH_SEARCH_PATHS = (
					"$(inherited)",
					"@executable_path/Frameworks",
				);
				MARKETING_VERSION = 1.0;
				PRODUCT_BUNDLE_IDENTIFIER = "com.Naitik.Assignment-2";
				PRODUCT_NAME = "$(TARGET_NAME)";
				SWIFT_EMIT_LOC_STRINGS = YES;
				SWIFT_VERSION = 5.0;
				TARGETED_DEVICE_FAMILY = "1,2";
			};
			name = Debug;
		};
		19DB020C2C17ADD300001518 /* Release */ = {
			isa = XCBuildConfiguration;
			buildSettings = {
				ASSETCATALOG_COMPILER_APPICON_NAME = AppIcon;
				ASSETCATALOG_COMPILER_GLOBAL_ACCENT_COLOR_NAME = AccentColor;
				CODE_SIGN_STYLE = Automatic;
				CURRENT_PROJECT_VERSION = 1;
				DEVELOPMENT_TEAM = 3XJ32477SK;
				GENERATE_INFOPLIST_FILE = YES;
				INFOPLIST_FILE = "Assignment-2/Info.plist";
				INFOPLIST_KEY_CFBundleDisplayName = "Naitik Assignment 2";
				INFOPLIST_KEY_UIApplicationSupportsIndirectInputEvents = YES;
				INFOPLIST_KEY_UILaunchStoryboardName = LaunchScreen;
				INFOPLIST_KEY_UIMainStoryboardFile = Main;
				INFOPLIST_KEY_UISupportedInterfaceOrientations = UIInterfaceOrientationPortrait;
				INFOPLIST_KEY_UISupportedInterfaceOrientations_iPad = "UIInterfaceOrientationLandscapeLeft UIInterfaceOrientationLandscapeRight UIInterfaceOrientationPortrait UIInterfaceOrientationPortraitUpsideDown";
				LD_RUNPATH_SEARCH_PATHS = (
					"$(inherited)",
					"@executable_path/Frameworks",
				);
				MARKETING_VERSION = 1.0;
				PRODUCT_BUNDLE_IDENTIFIER = "com.Naitik.Assignment-2";
				PRODUCT_NAME = "$(TARGET_NAME)";
				SWIFT_EMIT_LOC_STRINGS = YES;
				SWIFT_VERSION = 5.0;
				TARGETED_DEVICE_FAMILY = "1,2";
			};
			name = Release;
		};
/* End XCBuildConfiguration section */

/* Begin XCConfigurationList section */
		19DB01F12C17ADD100001518 /* Build configuration list for PBXProject "Assignment-2" */ = {
			isa = XCConfigurationList;
			buildConfigurations = (
				19DB02082C17ADD300001518 /* Debug */,
				19DB02092C17ADD300001518 /* Release */,
			);
			defaultConfigurationIsVisible = 0;
			defaultConfigurationName = Release;
		};
		19DB020A2C17ADD300001518 /* Build configuration list for PBXNativeTarget "Assignment-2" */ = {
			isa = XCConfigurationList;
			buildConfigurations = (
				19DB020B2C17ADD300001518 /* Debug */,
				19DB020C2C17ADD300001518 /* Release */,
			);
			defaultConfigurationIsVisible = 0;
			defaultConfigurationName = Release;
		};
/* End XCConfigurationList section */
	};
	rootObject = 19DB01EE2C17ADD100001518 /* Project object */;
}
